
Microsoft Visual Studio Solution File, Format Version 12.00
# Visual Studio 15
VisualStudioVersion = 15.0.27703.2042
MinimumVisualStudioVersion = 10.0.40219.1
Project("{8BC9CEB8-8B4A-11D0-8D11-00A0C91BC942}") = "ConsoleApplication2", "ConsoleApplication2\ConsoleApplication2.vcxproj", "{7963CBF9-A5A7-4F33-AF4D-A44A19078825}"
EndProject
Global
	GlobalSection(SolutionConfigurationPlatforms) = preSolution
		Debug|x64 = Debug|x64
		Debug|x86 = Debug|x86
		Release|x64 = Release|x64
		Release|x86 = Release|x86
	EndGlobalSection
	GlobalSection(ProjectConfigurationPlatforms) = postSolution
		{7963CBF9-A5A7-4F33-AF4D-A44A19078825}.Debug|x64.ActiveCfg = Debug|x64
		{7963CBF9-A5A7-4F33-AF4D-A44A19078825}.Debug|x64.Build.0 = Debug|x64
		{7963CBF9-A5A7-4F33-AF4D-A44A19078825}.Debug|x86.ActiveCfg = Debug|Win32
		{7963CBF9-A5A7-4F33-AF4D-A44A19078825}.Debug|x86.Build.0 = Debug|Win32
		{7963CBF9-A5A7-4F33-AF4D-A44A19078825}.Release|x64.ActiveCfg = Release|x64
		{7963CBF9-A5A7-4F33-AF4D-A44A19078825}.Release|x64.Build.0 = Release|x64
		{7963CBF9-A5A7-4F33-AF4D-A44A19078825}.Release|x86.ActiveCfg = Release|Win32
		{7963CBF9-A5A7-4F33-AF4D-A44A19078825}.Release|x86.Build.0 = Release|Win32
	EndGlobalSection
	GlobalSection(SolutionProperties) = preSolution
		HideSolutionNode = FALSE
	EndGlobalSection
	GlobalSection(ExtensibilityGlobals) = postSolution
		SolutionGuid = {CC12CED5-28AE-469E-A9B5-916C81B80864}
	EndGlobalSection
EndGlobal
